
Microsoft Visual Studio Solution File, Format Version 12.00
# Visual Studio Version 17
VisualStudioVersion = 17.5.33424.131
MinimumVisualStudioVersion = 10.0.40219.1
Project("{FAE04EC0-301F-11D3-BF4B-00C04F79EFBC}") = "GUI", "GUI\GUI.csproj", "{69527626-D34E-4FB6-9B53-F380CF0C3B0D}"
EndProject
Project("{FAE04EC0-301F-11D3-BF4B-00C04F79EFBC}") = "BLL", "BLL\BLL.csproj", "{68D85D9A-CABA-4AEF-BF7C-D72A7AF83A15}"
EndProject
Project("{FAE04EC0-301F-11D3-BF4B-00C04F79EFBC}") = "DAL", "DAL\DAL.csproj", "{669C5F4C-EE93-48E2-A795-67958DF0CE38}"
EndProject
Project("{FAE04EC0-301F-11D3-BF4B-00C04F79EFBC}") = "DTO", "DTO\DTO.csproj", "{CFCBA85D-5F67-401C-A4FC-D5D8BA9C858B}"
EndProject
Project("{54435603-DBB4-11D2-8724-00A0C9A8B90C}") = "Setup", "Setup\Setup.vdproj", "{39502E9A-4A83-4EF1-974D-759E8C01538D}"
EndProject
Global
	GlobalSection(SolutionConfigurationPlatforms) = preSolution
		Debug|Any CPU = Debug|Any CPU
		Release|Any CPU = Release|Any CPU
	EndGlobalSection
	GlobalSection(ProjectConfigurationPlatforms) = postSolution
		{69527626-D34E-4FB6-9B53-F380CF0C3B0D}.Debug|Any CPU.ActiveCfg = Debug|Any CPU
		{69527626-D34E-4FB6-9B53-F380CF0C3B0D}.Debug|Any CPU.Build.0 = Debug|Any CPU
		{69527626-D34E-4FB6-9B53-F380CF0C3B0D}.Release|Any CPU.ActiveCfg = Release|Any CPU
		{69527626-D34E-4FB6-9B53-F380CF0C3B0D}.Release|Any CPU.Build.0 = Release|Any CPU
		{68D85D9A-CABA-4AEF-BF7C-D72A7AF83A15}.Debug|Any CPU.ActiveCfg = Debug|Any CPU
		{68D85D9A-CABA-4AEF-BF7C-D72A7AF83A15}.Debug|Any CPU.Build.0 = Debug|Any CPU
		{68D85D9A-CABA-4AEF-BF7C-D72A7AF83A15}.Release|Any CPU.ActiveCfg = Release|Any CPU
		{68D85D9A-CABA-4AEF-BF7C-D72A7AF83A15}.Release|Any CPU.Build.0 = Release|Any CPU
		{669C5F4C-EE93-48E2-A795-67958DF0CE38}.Debug|Any CPU.ActiveCfg = Debug|Any CPU
		{669C5F4C-EE93-48E2-A795-67958DF0CE38}.Debug|Any CPU.Build.0 = Debug|Any CPU
		{669C5F4C-EE93-48E2-A795-67958DF0CE38}.Release|Any CPU.ActiveCfg = Release|Any CPU
		{669C5F4C-EE93-48E2-A795-67958DF0CE38}.Release|Any CPU.Build.0 = Release|Any CPU
		{CFCBA85D-5F67-401C-A4FC-D5D8BA9C858B}.Debug|Any CPU.ActiveCfg = Debug|Any CPU
		{CFCBA85D-5F67-401C-A4FC-D5D8BA9C858B}.Debug|Any CPU.Build.0 = Debug|Any CPU
		{CFCBA85D-5F67-401C-A4FC-D5D8BA9C858B}.Release|Any CPU.ActiveCfg = Release|Any CPU
		{CFCBA85D-5F67-401C-A4FC-D5D8BA9C858B}.Release|Any CPU.Build.0 = Release|Any CPU
		{39502E9A-4A83-4EF1-974D-759E8C01538D}.Debug|Any CPU.ActiveCfg = Debug
		{39502E9A-4A83-4EF1-974D-759E8C01538D}.Release|Any CPU.ActiveCfg = Release
	EndGlobalSection
	GlobalSection(SolutionProperties) = preSolution
		HideSolutionNode = FALSE
	EndGlobalSection
	GlobalSection(ExtensibilityGlobals) = postSolution
		SolutionGuid = {46919097-986F-49BA-BE28-CD4D36A6AF77}
	EndGlobalSection
EndGlobal
